{
  "version": "4",
  "redirects": {
    "https://cdn.skypack.dev/new/stream-chat@v8.46.0/dist=es2019": "https://cdn.skypack.dev/-/stream-chat@v8.46.0-eEwUh4o2QtT2XrhdOyFR/dist=es2019,mode=imports/optimized/stream-chat.js",
    "https://cdn.skypack.dev/stream-chat": "https://cdn.skypack.dev/new/stream-chat@v8.46.0/dist=es2019",
    "https://esm.sh/@supabase/supabase-js@2": "https://esm.sh/@supabase/supabase-js@2.47.3",
    "https://esm.sh/stream-chat": "https://esm.sh/stream-chat@8.46.0"
  },
  "remote": {
    "https://cdn.skypack.dev/-/axios@v1.7.9-GrORALRa6nM2RgDSmt8K/dist=es2019,mode=imports/optimized/axios.js": "136ccf08a7b3ef6b017cbc42c389b3ae86beaa273fded6916b805a5520c1a3be",
    "https://cdn.skypack.dev/-/axios@v1.7.9-GrORALRa6nM2RgDSmt8K/dist=es2019,mode=imports/optimized/axios/lib/adapters/http.js": "c4c738b042d3cb04c1c809da222e07cfcfee421f949b8beac53a823659c6d0da",
    "https://cdn.skypack.dev/-/axios@v1.7.9-GrORALRa6nM2RgDSmt8K/dist=es2019,mode=imports/optimized/axios/unsafe/axios.js": "96dda6e59e9fd21a951d357e4e41942382fb9d4df231d3c7583688ce09900d59",
    "https://cdn.skypack.dev/-/axios@v1.7.9-GrORALRa6nM2RgDSmt8K/dist=es2019,mode=imports/optimized/axios/unsafe/core/buildFullPath.js": "860edf269ea59de15121ca054aae0be6d323d54fabe4a6ab06b64983d8997f4b",
    "https://cdn.skypack.dev/-/axios@v1.7.9-GrORALRa6nM2RgDSmt8K/dist=es2019,mode=imports/optimized/axios/unsafe/core/settle.js": "03764683c78195f7abbfe9c691148a728f86a8d22bdca62e139bc8ea3994649a",
    "https://cdn.skypack.dev/-/axios@v1.7.9-GrORALRa6nM2RgDSmt8K/dist=es2019,mode=imports/optimized/axios/unsafe/helpers/combineURLs.js": "a9c8e23319c41428ea902926ec9e2bc2c9b1ce0ddf0689fcd8b4323d652fff5a",
    "https://cdn.skypack.dev/-/axios@v1.7.9-GrORALRa6nM2RgDSmt8K/dist=es2019,mode=imports/optimized/axios/unsafe/helpers/isAbsoluteURL.js": "55fe29d03f51b2afee61d15026932f0c0e6436852b638561298e4b2d5111b6a6",
    "https://cdn.skypack.dev/-/axios@v1.7.9-GrORALRa6nM2RgDSmt8K/dist=es2019,mode=imports/optimized/common/AxiosError-e67c16ad.js": "d0a5499152139a1d26f1e05e4dedef913bf8a7f11241d80ba0569c99fb463cf5",
    "https://cdn.skypack.dev/-/axios@v1.7.9-GrORALRa6nM2RgDSmt8K/dist=es2019,mode=imports/optimized/common/buildURL-deab4305.js": "bf7730ca2582aca9351fd31b914a0c3f8b44e04e8ca168567e7cd70c56da82db",
    "https://cdn.skypack.dev/-/axios@v1.7.9-GrORALRa6nM2RgDSmt8K/dist=es2019,mode=imports/optimized/common/utils-14612f11.js": "b138e3df5282a1b39d7b7007becccf05d9fae66dee039c02741e89b808c55775",
    "https://cdn.skypack.dev/-/axios@v1.7.9-GrORALRa6nM2RgDSmt8K/dist=es2019,mode=imports/optimized/common/xhr-cb05dc8d.js": "e9e3ac4f3cb4e43bdcc654f00d6c7a15b62c674d0c73f736de1f23cdebfb5800",
    "https://cdn.skypack.dev/-/base64-js@v1.5.1-W9sqY0mF5INkRg7HAvxn/dist=es2019,mode=imports/optimized/base64-js.js": "4566964bb37bf2a057d872b75540c57b181afddb4d1a3360e8f25e9f98259f50",
    "https://cdn.skypack.dev/-/form-data@v4.0.1-Dz8kHZBo0dpeTI711p5G/dist=es2019,mode=imports/optimized/form-data.js": "71365fbe9ee163239a3dd22878340b574ede72181086dfaa45dbeb188501d550",
    "https://cdn.skypack.dev/-/isomorphic-ws@v4.0.1-gsSVIEvszliNfnL18foi/dist=es2019,mode=imports/optimized/isomorphic-ws.js": "6e354eee3e5f79e0d750a489f4ca194d63abec3087552c116a6a6a0b7b678c8c",
    "https://cdn.skypack.dev/-/stream-chat@v8.46.0-eEwUh4o2QtT2XrhdOyFR/dist=es2019,mode=imports/optimized/stream-chat.js": "70db0e6d03c123ba54d67b3d3dd68cf6a3e994ffd354045a5d86e2eb2faa39a2",
    "https://deno.land/std@0.150.0/media_types/_util.ts": "ce9b4fc4ba1c447dafab619055e20fd88236ca6bdd7834a21f98bd193c3fbfa1",
    "https://deno.land/std@0.150.0/media_types/mod.ts": "2d4b6f32a087029272dc59e0a55ae3cc4d1b27b794ccf528e94b1925795b3118",
    "https://deno.land/std@0.150.0/media_types/vendor/mime-db.v1.52.0.ts": "724cee25fa40f1a52d3937d6b4fbbfdd7791ff55e1b7ac08d9319d5632c7f5af",
    "https://deno.land/x/xhr@0.3.0/mod.ts": "094aacd627fd9635cd942053bf8032b5223b909858fa9dc8ffa583752ff63b20",
    "https://esm.sh/@supabase/supabase-js@2.47.3": "360cfa90ec3026d6c56d38ec0e0799aba5ac2701bb109126edd01d02836e0f39",
    "https://esm.sh/stream-chat@8.46.0": "e7a01727df93026111655b6602bdfb783ddad5b322985afbb479697a640541ea",
    "https://esm.sh/v135/@babel/runtime@7.26.0/denonext/helpers/assertThisInitialized.js": "b0b72c6c5d7d0e58dbe8b6b0023568b4016ed7e68e98b904c797dbbaa3829322",
    "https://esm.sh/v135/@babel/runtime@7.26.0/denonext/helpers/asyncToGenerator.js": "0e8d9c6f60726876c3f3c1e1351b305e0ce302d0876bc5d9bf1b08d94d24391b",
    "https://esm.sh/v135/@babel/runtime@7.26.0/denonext/helpers/classCallCheck.js": "ccaefed9bf10d75b58867f382b9625b0f8aeb9179a6199e2eee7fd6f58535f13",
    "https://esm.sh/v135/@babel/runtime@7.26.0/denonext/helpers/createClass.js": "8ac0e0be966683bc663d2624a0893e91cc8b4e8355a6d3307c6d368f105d0833",
    "https://esm.sh/v135/@babel/runtime@7.26.0/denonext/helpers/defineProperty.js": "812e54f52d30192e42b9504e5d069bf9b2c75ba37d086deffcb3ef0ce0c15284",
    "https://esm.sh/v135/@babel/runtime@7.26.0/denonext/helpers/esm/arrayLikeToArray.js": "780f52f2337f5e2a40fa39949918014901107d7dc56dc795c6942423a8c31a06",
    "https://esm.sh/v135/@babel/runtime@7.26.0/denonext/helpers/esm/arrayWithHoles.js": "45a87334893660a233b73eabff6ce6d07b975320c58454a35c0efc276acb6d5c",
    "https://esm.sh/v135/@babel/runtime@7.26.0/denonext/helpers/esm/arrayWithoutHoles.js": "8b80afe09046a0565f7d4fb183920f6c3e222de364cf42166e69d73b7596e923",
    "https://esm.sh/v135/@babel/runtime@7.26.0/denonext/helpers/esm/assertThisInitialized.js": "003007fe5ff6516658ce37b4adb4e07599bf598dbcd2efb904bf3d1358ac67d2",
    "https://esm.sh/v135/@babel/runtime@7.26.0/denonext/helpers/esm/construct.js": "3d64511793464f50ba3fa47825e92975d97dc54f4d8645c04019c604bcef240c",
    "https://esm.sh/v135/@babel/runtime@7.26.0/denonext/helpers/esm/getPrototypeOf.js": "26c2e572536803348f9319665f3568e3dae0ec1075b1c6cbedf14e4b3bd6837e",
    "https://esm.sh/v135/@babel/runtime@7.26.0/denonext/helpers/esm/isNativeFunction.js": "b065d1cee6d9729ff10106f3df89d470bbb917ed9efdd7e0598681006efd0054",
    "https://esm.sh/v135/@babel/runtime@7.26.0/denonext/helpers/esm/isNativeReflectConstruct.js": "8f82c220b14c99c51793b7c161326353636f4a7edbbfdcb3bd6f906029fb9766",
    "https://esm.sh/v135/@babel/runtime@7.26.0/denonext/helpers/esm/iterableToArray.js": "6e409aa7d3e9e413a7207f76c571f830ce18b5f022b5e359406ea9c65ba254c9",
    "https://esm.sh/v135/@babel/runtime@7.26.0/denonext/helpers/esm/iterableToArrayLimit.js": "ea4cfd13c999dcb3e525ea99312b18516ed75de7cf433581ed1c2010ff8f9103",
    "https://esm.sh/v135/@babel/runtime@7.26.0/denonext/helpers/esm/nonIterableRest.js": "58b2d544f591288e43d0d4d0c65922df970b164288dd4586ef0250afd091a511",
    "https://esm.sh/v135/@babel/runtime@7.26.0/denonext/helpers/esm/nonIterableSpread.js": "423b8e011cb5bd66126869d4133d9dc10a58d88515a34ba985f142bc28c3a777",
    "https://esm.sh/v135/@babel/runtime@7.26.0/denonext/helpers/esm/objectWithoutPropertiesLoose.js": "1fffdffb33d197b964c753ebd42f4ab5bf3189860ec00ec2ece9b596785e06df",
    "https://esm.sh/v135/@babel/runtime@7.26.0/denonext/helpers/esm/setPrototypeOf.js": "9e0a61a64bf90ffbc8c92b4236973bc5717dc26baceb0b85d891df6f7749e079",
    "https://esm.sh/v135/@babel/runtime@7.26.0/denonext/helpers/esm/toPrimitive.js": "4fdcfb5f0dc113245a191778e929c2d93ee21d5b8bdbcd9ca4fa4b31660437be",
    "https://esm.sh/v135/@babel/runtime@7.26.0/denonext/helpers/esm/toPropertyKey.js": "cab012adfda8e9a6cfead5fd047df22d579f788a6cd2707eef6de3fe14fe9016",
    "https://esm.sh/v135/@babel/runtime@7.26.0/denonext/helpers/esm/typeof.js": "320c1582294f0e07162f46fece65f486a98e703b1b68c7c1fb9bb319355c4079",
    "https://esm.sh/v135/@babel/runtime@7.26.0/denonext/helpers/esm/unsupportedIterableToArray.js": "eb72f858595cc1e6ddecd439f422dbe6063f561db209a36052a94ba1788c91d7",
    "https://esm.sh/v135/@babel/runtime@7.26.0/denonext/helpers/extends.js": "32980665cf8f71d68b2cbb24a3356d1f244c2320b269b47682a4dfd29e897300",
    "https://esm.sh/v135/@babel/runtime@7.26.0/denonext/helpers/getPrototypeOf.js": "4464e394636c10aa37119933334f7eb553063064e85b84bd0e12745e5fb8189d",
    "https://esm.sh/v135/@babel/runtime@7.26.0/denonext/helpers/inherits.js": "478373e63022584379512d0adfe7862e44ca810af4cfc82679e80035f6be20f2",
    "https://esm.sh/v135/@babel/runtime@7.26.0/denonext/helpers/objectWithoutProperties.js": "d4e2a7f85fa0990b64d951601f91bfcb542aa0621110c0975ed5e9f5b4806764",
    "https://esm.sh/v135/@babel/runtime@7.26.0/denonext/helpers/possibleConstructorReturn.js": "d8212286ca46dd749aca63cfb85a5a5910fba85e2804a5135fecc2d84201b58c",
    "https://esm.sh/v135/@babel/runtime@7.26.0/denonext/helpers/slicedToArray.js": "6de1c026448e8d3137116cee6b581c76521b2fb73b8c0e88e9cf63552636ee39",
    "https://esm.sh/v135/@babel/runtime@7.26.0/denonext/helpers/toConsumableArray.js": "fef836bb2b9521694fc678d1c46212c0ca16cfc3c03e99ba08ea73d1078b3dbc",
    "https://esm.sh/v135/@babel/runtime@7.26.0/denonext/helpers/typeof.js": "4122c3fff7a5fc30562f55929e633472e1306bad1bd39eafbd71f19b860c51f4",
    "https://esm.sh/v135/@babel/runtime@7.26.0/denonext/helpers/wrapNativeSuper.js": "7beebc05da3bfd5b182e2394696b7016145ff81a0da9a440215e369a570eb008",
    "https://esm.sh/v135/@babel/runtime@7.26.0/denonext/regenerator.js": "4ee18f2226c71353ace14f13a08301c56ab5ed27ccb3108ffecd33e102bba204",
    "https://esm.sh/v135/@supabase/auth-js@2.66.1/denonext/auth-js.mjs": "fe51228cc672098d33b8234ce4e00b2947541f7a0297af91f596e1ba92cdcdb0",
    "https://esm.sh/v135/@supabase/functions-js@2.4.3/denonext/functions-js.mjs": "98b9108627bcbb255f1e1d2f8fdc321ca2596a476b76cb8f9109862f1b50ca8c",
    "https://esm.sh/v135/@supabase/node-fetch@2.6.15/denonext/node-fetch.mjs": "efad00ea3d4cbe1bee688836ef75339d49a1981bc5728a13e9ad5f26791d5efb",
    "https://esm.sh/v135/@supabase/postgrest-js@1.16.3/denonext/postgrest-js.mjs": "1f0cc477f069386bce1b8c5d6a2357ffd1442299f6423381b2aa2c4652f4af10",
    "https://esm.sh/v135/@supabase/realtime-js@2.11.2/denonext/realtime-js.mjs": "9062d77115520581fd0c226dba0196b3c55fbdfd111475f822c6dce3e21c564a",
    "https://esm.sh/v135/@supabase/storage-js@2.7.1/denonext/storage-js.mjs": "5ddd96a2213608015badb0778b4a446f641c843e017264978ab1e10f83b3cb21",
    "https://esm.sh/v135/@supabase/supabase-js@2.47.3/denonext/supabase-js.mjs": "2686eb468a7fde72e800f9b0cfbdabaab0ab5c38c39e51c21e73c3744c5c5566",
    "https://esm.sh/v135/axios@1.7.9/denonext/axios.mjs": "e2a06c1ed3df74af2dbd77fbef6031fc1337582d4a0ea00cbffad22d022da62a",
    "https://esm.sh/v135/axios@1.7.9/denonext/lib/adapters/http.js": "84038b46bba5fd86216cddd339905c9d7de0dbe251c5707565ad81ff28cd52f9",
    "https://esm.sh/v135/axios@1.7.9/denonext/lib/adapters/xhr.js": "9f31b990d856b35d9cb5eb366d797c2d7bbe4c07a6fe34851333c81b35853ef2",
    "https://esm.sh/v135/axios@1.7.9/denonext/unsafe/adapters/adapters.js": "0b5fabf61c32c0231fd698e4ad7973e5fc648acf901af1bafbecdd6ffcf58e29",
    "https://esm.sh/v135/axios@1.7.9/denonext/unsafe/adapters/fetch.js": "b5b811e4446ad9328816ab5639495f16a76be743992418da8345ed835e7fbf75",
    "https://esm.sh/v135/axios@1.7.9/denonext/unsafe/axios.js": "f5c533c1b536ebe30f8c4fd413a899e3ab8231ffce68d72f51983ae53693b3de",
    "https://esm.sh/v135/axios@1.7.9/denonext/unsafe/cancel/CancelToken.js": "8f7f61ea723a972f4b9b7306d6010860577a02ba556cb64317c30823f8fa375c",
    "https://esm.sh/v135/axios@1.7.9/denonext/unsafe/cancel/CanceledError.js": "d3b3e9c4dbb2b6e40d68c52aa21463aa641d8ad7893913cf5bd48c595e5072d4",
    "https://esm.sh/v135/axios@1.7.9/denonext/unsafe/cancel/isCancel.js": "bd8fb5809cb8beb4a7b8231e71d558f2730f577b6a63a9ed4a0b835dd09c84bd",
    "https://esm.sh/v135/axios@1.7.9/denonext/unsafe/core/Axios.js": "b33d1734765a409821d70d14a16f3312dc20516dc745bc8830a97f99795b1269",
    "https://esm.sh/v135/axios@1.7.9/denonext/unsafe/core/AxiosError.js": "412739678a51bf6aaeb6b0d9d73b3b1adfa3b20eced5fda887b16ff8248fa187",
    "https://esm.sh/v135/axios@1.7.9/denonext/unsafe/core/AxiosHeaders.js": "aa5668690da6e55ba33150efc55a5bd035087f5fd7a2b6e65be1e657b7857239",
    "https://esm.sh/v135/axios@1.7.9/denonext/unsafe/core/InterceptorManager.js": "a53c5997d4bfafab5e13d3264ceb39a0cdfaee203b18389aeccf9560d53436ae",
    "https://esm.sh/v135/axios@1.7.9/denonext/unsafe/core/buildFullPath.js": "4300f112b0b86fc99a7c12be6346f51b6ec4f915dbb5c54dcfd260b299fcb22b",
    "https://esm.sh/v135/axios@1.7.9/denonext/unsafe/core/dispatchRequest.js": "655eb491a5886167aca24bd618d336efa000bf9072d9e899dab32c954cab7189",
    "https://esm.sh/v135/axios@1.7.9/denonext/unsafe/core/mergeConfig.js": "d7522d97a8a3949f1aeb6f3f2b11a7e882a3eded2ccc1eb90bc06c1f6653e4f6",
    "https://esm.sh/v135/axios@1.7.9/denonext/unsafe/core/settle.js": "fa145816ff00c45871b210293c51b4b3c6e4fa087eb552dfe7a68b5918305ea1",
    "https://esm.sh/v135/axios@1.7.9/denonext/unsafe/core/transformData.js": "b8545b7bf3b322de5ecb8477a8bcd6d7aa7d84bc3e177a56d7d4b4eb71555c66",
    "https://esm.sh/v135/axios@1.7.9/denonext/unsafe/defaults.js": "87baaf78156aee34e9bde12419cc3c9eb23969f430b26a13cc14ce6970bd3f12",
    "https://esm.sh/v135/axios@1.7.9/denonext/unsafe/defaults/transitional.js": "a395d5807de54536177de4d9f921ca0c3584d0903090f82e24f55fc087064b13",
    "https://esm.sh/v135/axios@1.7.9/denonext/unsafe/env/data.js": "13471b164a25cb753699f13736bc755becd380e63938161a686e51da42c27b2e",
    "https://esm.sh/v135/axios@1.7.9/denonext/unsafe/helpers/AxiosTransformStream.js": "87a1da64a4ae86f06d90c5d02e1e7b2bfa4b2535b5fa137c1e6837939975df29",
    "https://esm.sh/v135/axios@1.7.9/denonext/unsafe/helpers/AxiosURLSearchParams.js": "4d1c3b79572e6286f522163fdae062266ce2516c73ad46c46ca3db230e618c20",
    "https://esm.sh/v135/axios@1.7.9/denonext/unsafe/helpers/HttpStatusCode.js": "434347276762f1be46f8d4468a9f86b24857fcca36712054c3dd5ed87767f5c1",
    "https://esm.sh/v135/axios@1.7.9/denonext/unsafe/helpers/ZlibHeaderTransformStream.js": "c3e8d3bc94bbef3f543e427b6b46f9f193ae029e5864ca33374e7a469476adee",
    "https://esm.sh/v135/axios@1.7.9/denonext/unsafe/helpers/bind.js": "437762ff131f44c277254f553333fe7453bb7848ea0df9360ceac7a065722fa0",
    "https://esm.sh/v135/axios@1.7.9/denonext/unsafe/helpers/buildURL.js": "c91d6872d7f16a78ca626255e1f45775d7fa805d79ad595c10c5ae6323941229",
    "https://esm.sh/v135/axios@1.7.9/denonext/unsafe/helpers/callbackify.js": "a3c61fc200fda243f88dbc76876198f6801df554f1db2fa70e4ebf9dc10b2e59",
    "https://esm.sh/v135/axios@1.7.9/denonext/unsafe/helpers/combineURLs.js": "d9deebb604a82cf29caf8dd0f398d42f445aeb9124ce4aa99212368df9da7e6b",
    "https://esm.sh/v135/axios@1.7.9/denonext/unsafe/helpers/composeSignals.js": "cafd4a34a4f20f93f80df21e1906acc0217dadded790dc4db3506b3322c0b80e",
    "https://esm.sh/v135/axios@1.7.9/denonext/unsafe/helpers/cookies.js": "4947ec93ea33e3067fd70e73caa735fc980a92a0fba013c65731b2da588f87c8",
    "https://esm.sh/v135/axios@1.7.9/denonext/unsafe/helpers/formDataToJSON.js": "b90dcc6e7687181eea432612af996f287717aa2e5902a07fb0464d8aa8f26334",
    "https://esm.sh/v135/axios@1.7.9/denonext/unsafe/helpers/formDataToStream.js": "abe1a206bc069b9b3ec82a090a50f356aa9f221ea0a304f897110456043b1769",
    "https://esm.sh/v135/axios@1.7.9/denonext/unsafe/helpers/fromDataURI.js": "e73039cc9eec74e003e9f740abcd5a851cb84a546132ddecc41a1d0c504fa78c",
    "https://esm.sh/v135/axios@1.7.9/denonext/unsafe/helpers/isAbsoluteURL.js": "315048c1c7e62cf7cea8c7fc959441b5b242a7a7d751539686ff72cbca506ad8",
    "https://esm.sh/v135/axios@1.7.9/denonext/unsafe/helpers/isAxiosError.js": "23d99e1ac1da566b1f6ae7b791f53e0acb95ca3ab006ac7cfb9be5913b15e251",
    "https://esm.sh/v135/axios@1.7.9/denonext/unsafe/helpers/isURLSameOrigin.js": "f09efd97de084a3508ff08e32de06157184081bd63d7c2af984220d0a5efb662",
    "https://esm.sh/v135/axios@1.7.9/denonext/unsafe/helpers/parseHeaders.js": "8b6b20131ebb487caf64abe59fd142638d683c67bbc03b35b8c3b9a26eeec2d5",
    "https://esm.sh/v135/axios@1.7.9/denonext/unsafe/helpers/parseProtocol.js": "e0471b6dbe0a72af660ddb637724f5078db69c5601131664fce2d92743a8c670",
    "https://esm.sh/v135/axios@1.7.9/denonext/unsafe/helpers/progressEventReducer.js": "183ef9f88689711de446fd53b52a7f3d6fa964cd05dac54a88a4ead8fb5d1cf6",
    "https://esm.sh/v135/axios@1.7.9/denonext/unsafe/helpers/readBlob.js": "5f0a4157684d3f0171a8b4d2edcc5ff3c0fab122a1a8d96f3d59e0750246f54f",
    "https://esm.sh/v135/axios@1.7.9/denonext/unsafe/helpers/resolveConfig.js": "1a0b5025ba8e9f0cca7360d7f97354e97c9db33c5e978168ea5248f2a076e2c5",
    "https://esm.sh/v135/axios@1.7.9/denonext/unsafe/helpers/speedometer.js": "b989ec4c371dbee812e900eabb2ca60d86b2d44057c1c5ee342c18b023ca85db",
    "https://esm.sh/v135/axios@1.7.9/denonext/unsafe/helpers/spread.js": "af092272ed8f8f4f6c3038bbf12212607ebcfd62d8b7059a8f0e76ded4dedea8",
    "https://esm.sh/v135/axios@1.7.9/denonext/unsafe/helpers/throttle.js": "d2039a7d7c9ebf2e6deae5df178ec08ea0e455abf84a276e204c9c2594812213",
    "https://esm.sh/v135/axios@1.7.9/denonext/unsafe/helpers/toFormData.js": "3cdeb641a841180d874177964aba976baa1dbd48fe952757bf6051ea5807a8f7",
    "https://esm.sh/v135/axios@1.7.9/denonext/unsafe/helpers/toURLEncodedForm.js": "fd72f4d2b90b292fb03ec63334431bfae4ee3f401ca6bc303a8ceac8a4f11ed4",
    "https://esm.sh/v135/axios@1.7.9/denonext/unsafe/helpers/trackStream.js": "c5f07e259edb411a740b3ec1648678044002b01450311842c5e4c9f1a8a37a9b",
    "https://esm.sh/v135/axios@1.7.9/denonext/unsafe/helpers/validator.js": "85d9586159455e551bb38ce58c227f417bb96c8c877ee622acfd68b851f2f56d",
    "https://esm.sh/v135/axios@1.7.9/denonext/unsafe/platform.js": "c0680d2e957206376a42d59d02cd9af66b14a3d1010d7ead5e2ed159af6f2627",
    "https://esm.sh/v135/axios@1.7.9/denonext/unsafe/platform/common/utils.js": "e635e698c12adb9350e735189626f0e9425befb25b9911f54a26ff8cd3fe22f0",
    "https://esm.sh/v135/axios@1.7.9/denonext/unsafe/platform/node.js": "535c245edf05ed3629aeabb8ebd770f6a29d5851f259754be1b960eb937c56d3",
    "https://esm.sh/v135/axios@1.7.9/denonext/unsafe/platform/node/classes/FormData.js": "aa66f11c6f75dc251f586cb530a09c03941af5c169e4b76a2d748d0aaf52a72f",
    "https://esm.sh/v135/axios@1.7.9/denonext/unsafe/platform/node/classes/URLSearchParams.js": "dab1b192de5c36add2c6434aa6705881b81d7d12481e3d93e10ffc3a3a390272",
    "https://esm.sh/v135/axios@1.7.9/denonext/unsafe/utils.js": "7fe26fbcd763c20eb005c3c989fae99968d5ac57f23a9319bc8e49be3f768d80",
    "https://esm.sh/v135/base64-js@1.5.1/denonext/base64-js.mjs": "37ce4431d0b110375d0cafee5cb015592b09352595aca9393e5ecf417f71fae2",
    "https://esm.sh/v135/buffer-equal-constant-time@1.0.1/denonext/buffer-equal-constant-time.mjs": "8078ba0314f3174eb9f95f33122dda5f7fc05f6cfbbf153449133f3f4454c6dd",
    "https://esm.sh/v135/bufferutil@4.0.8/denonext/bufferutil.mjs": "60a4618cbd1a5cb24935c55590b793d4ecb33862357d32e1d4614a0bbb90947f",
    "https://esm.sh/v135/debug@4.3.7/denonext/debug.mjs": "83a87de38124da10cfb7a9ee1d8a643bdb90f29191e5bd7d2ef98c172cc5223a",
    "https://esm.sh/v135/ecdsa-sig-formatter@1.0.11/denonext/ecdsa-sig-formatter.mjs": "c257539e93bbc1e554ae0286d9a60a72c79594fd4d2f8d133d37412748c9810c",
    "https://esm.sh/v135/follow-redirects@1.15.9/denonext/follow-redirects.mjs": "4b745efb4974d3c362e7d8ed072957bd7c9f621dd0b79f8c0006c426ec9f6dba",
    "https://esm.sh/v135/form-data@4.0.1/denonext/form-data.mjs": "c39c523082a67f0905290b4cc483d036965ddd6c6f3071a1c9914521125f47c6",
    "https://esm.sh/v135/isomorphic-ws@5.0.0/denonext/isomorphic-ws.mjs": "9d8dcd29684101d1a7b9088ad6681da41967322755c6b4ac01a2b721314d2ac5",
    "https://esm.sh/v135/jsonwebtoken@9.0.2/denonext/jsonwebtoken.mjs": "7db6a6a795c8368148ba62f35917c6eec4d5dea05a6ce1fd1f5a9000cd82e092",
    "https://esm.sh/v135/jwa@1.4.1/denonext/jwa.mjs": "478a6d9d4b1caf3533630b0e36b68f86e9a51d9d385231336d7d08ff55cbff5b",
    "https://esm.sh/v135/jws@3.2.2/denonext/jws.mjs": "f263f0424c0aa41262c52f942de00e2aeaf4198f615cb2055505045aa4f1c946",
    "https://esm.sh/v135/lodash.includes@4.3.0/denonext/lodash.includes.mjs": "2557935efc900eabac279ece2f1eb6a3f01f0c1851d490b3c3cf0a41743e4807",
    "https://esm.sh/v135/lodash.isboolean@3.0.3/denonext/lodash.isboolean.mjs": "27434950864933132988defee718cd52638988dd60fc79a4e5a991f8b1c7671d",
    "https://esm.sh/v135/lodash.isinteger@4.0.4/denonext/lodash.isinteger.mjs": "886d65b0c4095d302bae026a6ed5be4eae79147fbda603b805153e7d0f908818",
    "https://esm.sh/v135/lodash.isnumber@3.0.3/denonext/lodash.isnumber.mjs": "a622672f1af364f92b3127c977b12e0d40350a786f5cb91fa1c42f6b12d65680",
    "https://esm.sh/v135/lodash.isplainobject@4.0.6/denonext/lodash.isplainobject.mjs": "86aad7158a58b3d46b94c444999612ae13a30cd7377d4136ad06c81cc4db1f0a",
    "https://esm.sh/v135/lodash.isstring@4.0.1/denonext/lodash.isstring.mjs": "6d1104530adc8825c99fd34d6974fb66200dae8464820290ec31f82bf4728bbd",
    "https://esm.sh/v135/lodash.once@4.1.1/denonext/lodash.once.mjs": "00313762597a00ac008a5ac475f18054d2d316a95d56e9a738ef5e910609040d",
    "https://esm.sh/v135/lru-cache@6.0.0/denonext/lru-cache.mjs": "a2d6b3fe3b7dd1b9c5730c73fe10717741084e0bf2bc1edf68d555ed708f4668",
    "https://esm.sh/v135/ms@2.1.3/denonext/ms.mjs": "0f06597e493998793b8f52232868976128fca326eec3bcd56f10e66e6efd1839",
    "https://esm.sh/v135/node-gyp-build@4.6.1/denonext/node-gyp-build.mjs": "5d28b312f145a6cb2ec0dbdd80a7d34c0e0e6b5dcada65411d8bcff6c8991cc6",
    "https://esm.sh/v135/node-gyp-build@4.8.1/denonext/node-gyp-build.mjs": "cddfc39c5f2d6e228fb1cd8cc36a594d870470b01348f866a7fb4e6f3ed8c66d",
    "https://esm.sh/v135/proxy-from-env@1.1.0/denonext/proxy-from-env.mjs": "5a2113ba20eb6fc83d6d68efd3aa65c4b61f05611da20339b14d165807eccfd7",
    "https://esm.sh/v135/safe-buffer@5.2.1/denonext/safe-buffer.mjs": "facbcb4f4622e13062978522fa12c42cae4e12f55b0e1d3fa1c4bc751bd827c7",
    "https://esm.sh/v135/semver@7.5.4/denonext/semver.mjs": "1ef5df8f3fc137f72464e6e0c9a5a199a5bb17f6a63365aed52ecd14e21132fa",
    "https://esm.sh/v135/stream-chat@8.46.0/denonext/stream-chat.mjs": "002592ab36a48335026c2d7f6498c3768da3c21c43a50b542c5e9cd399124d1e",
    "https://esm.sh/v135/utf-8-validate@6.0.3/denonext/utf-8-validate.mjs": "410c48d66840e987e474a4849cd25829817415cedd25466280effb1287d05aa5",
    "https://esm.sh/v135/utf-8-validate@6.0.4/denonext/utf-8-validate.mjs": "ab4990b545a45f10f7711c69046ee3e9c5b732b9781937f922cefd3fc99d0e88",
    "https://esm.sh/v135/ws@8.14.2/denonext/ws.mjs": "e96033415d90efd20ce6bec551447fc2771a27e232d05689c5410582cf04ee17",
    "https://esm.sh/v135/ws@8.18.0/denonext/ws.mjs": "b4c6f51c7c4d60d2a880889c9b07e00aa367adf20a8304a365cc5e09051a5004",
    "https://esm.sh/v135/yallist@4.0.0/denonext/yallist.mjs": "61f180d807dda50bac17028eda05d5722a3fecef6e98a9064e2353ea6864fd82"
  },
  "workspace": {
    "packageJson": {
      "dependencies": [
        "npm:@apollo/client@^3.11.8",
        "npm:@babel/core@^7.20.0",
        "npm:@react-native-async-storage/async-storage@1.23.1",
        "npm:@react-native-community/netinfo@11.3.1",
        "npm:@react-native-menu/menu@^1.1.6",
        "npm:@rneui/base@^4.0.0-rc.7",
        "npm:@rneui/themed@^4.0.0-rc.7",
        "npm:@stream-io/flat-list-mvcp@~0.10.3",
        "npm:@supabase/supabase-js@^2.46.2",
        "npm:@tanstack/react-query@^5.59.16",
        "npm:@types/react@~18.2.45",
        "npm:@types/tinycolor2@^1.4.6",
        "npm:@typescript-eslint/eslint-plugin@^8.11.0",
        "npm:@typescript-eslint/parser@^8.11.0",
        "npm:color@^4.2.3",
        "npm:dotenv@^16.4.5",
        "npm:eslint-plugin-react-hooks@5",
        "npm:eslint-plugin-react@^7.37.2",
        "npm:eslint@^9.13.0",
        "npm:expo-av@^15.0.1",
        "npm:expo-blur@~13.0.2",
        "npm:expo-clipboard@7",
        "npm:expo-constants@~16.0.2",
        "npm:expo-dev-client@~4.0.28",
        "npm:expo-document-picker@~12.0.2",
        "npm:expo-file-system@~17.0.1",
        "npm:expo-haptics@14",
        "npm:expo-image-manipulator@~12.0.5",
        "npm:expo-image-picker@~15.0.7",
        "npm:expo-linking@~6.3.1",
        "npm:expo-media-library@~16.0.5",
        "npm:expo-router@~3.5.24",
        "npm:expo-sharing@~12.0.1",
        "npm:expo-status-bar@~1.12.1",
        "npm:expo@~51.0.28",
        "npm:graphql@^16.9.0",
        "npm:prettier@^3.3.3",
        "npm:react-native-awesome-slider@^2.5.5",
        "npm:react-native-fast-image@^8.6.3",
        "npm:react-native-gesture-handler@~2.16.1",
        "npm:react-native-image-colors@^2.4.0",
        "npm:react-native-linear-gradient@^2.8.3",
        "npm:react-native-loader-kit@^2.0.8",
        "npm:react-native-mmkv@2.6.2",
        "npm:react-native-reanimated@~3.10.1",
        "npm:react-native-safe-area-context@4.10.5",
        "npm:react-native-screens@3.31.1",
        "npm:react-native-svg@15.2.0",
        "npm:react-native-toast-message@^2.2.1",
        "npm:react-native-track-player@^4.1.1",
        "npm:react-native-vector-icons@^10.2.0",
        "npm:react-native@0.74.5",
        "npm:react@18.2.0",
        "npm:stream-chat-expo@^5.43.2",
        "npm:stream-chat@^8.45.3",
        "npm:tinycolor2@^1.6.0",
        "npm:ts-pattern@^5.5.0",
        "npm:typescript@^5.6.3",
        "npm:zustand@^5.0.1"
      ]
    }
  }
}
